
Microsoft Visual Studio Solution File, Format Version 12.00
# Visual Studio Version 17
VisualStudioVersion = 17.5.33516.290
MinimumVisualStudioVersion = 10.0.40219.1
Project("{FAE04EC0-301F-11D3-BF4B-00C04F79EFBC}") = "mvccrud", "mvccrud\mvccrud.csproj", "{2C0D4891-FE06-4757-A013-030E43C74553}"
EndProject
Global
	GlobalSection(SolutionConfigurationPlatforms) = preSolution
		Debug|Any CPU = Debug|Any CPU
		Release|Any CPU = Release|Any CPU
	EndGlobalSection
	GlobalSection(ProjectConfigurationPlatforms) = postSolution
		{2C0D4891-FE06-4757-A013-030E43C74553}.Debug|Any CPU.ActiveCfg = Debug|Any CPU
		{2C0D4891-FE06-4757-A013-030E43C74553}.Debug|Any CPU.Build.0 = Debug|Any CPU
		{2C0D4891-FE06-4757-A013-030E43C74553}.Release|Any CPU.ActiveCfg = Release|Any CPU
		{2C0D4891-FE06-4757-A013-030E43C74553}.Release|Any CPU.Build.0 = Release|Any CPU
	EndGlobalSection
	GlobalSection(SolutionProperties) = preSolution
		HideSolutionNode = FALSE
	EndGlobalSection
	GlobalSection(ExtensibilityGlobals) = postSolution
		SolutionGuid = {87F92395-33FB-4297-93F7-602DE9E94435}
	EndGlobalSection
EndGlobal
